storx/private/lifecycle."slow_shutdown" Event
storx/private/lifecycle."unexpected_shutdown" Event
storx/satellite/accounting."bucket_bytes" IntVal
storx/satellite/accounting."bucket_objects" IntVal
storx/satellite/accounting."bucket_segments" IntVal
storx/satellite/accounting."total_bytes" IntVal
storx/satellite/accounting."total_objects" IntVal
storx/satellite/accounting."total_segments" IntVal
storx/satellite/accounting/tally."nodetallies.totalsum" IntVal
storx/satellite/audit."audit_contained_nodes" IntVal
storx/satellite/audit."audit_contained_nodes_global" Meter
storx/satellite/audit."audit_contained_percentage" FloatVal
storx/satellite/audit."audit_fail_nodes" IntVal
storx/satellite/audit."audit_fail_nodes_global" Meter
storx/satellite/audit."audit_failed_percentage" FloatVal
storx/satellite/audit."audit_not_enough_nodes_online" Counter
storx/satellite/audit."audit_not_enough_shares_acquired" Counter
storx/satellite/audit."audit_offline_nodes" IntVal
storx/satellite/audit."audit_offline_nodes_global" Meter
storx/satellite/audit."audit_offline_percentage" FloatVal
storx/satellite/audit."audit_success_nodes" IntVal
storx/satellite/audit."audit_success_nodes_global" Meter
storx/satellite/audit."audit_successful_percentage" FloatVal
storx/satellite/audit."audit_suspected_network_problem" Counter
storx/satellite/audit."audit_total_nodes" IntVal
storx/satellite/audit."audit_total_nodes_global" Meter
storx/satellite/audit."audit_total_pointer_nodes" IntVal
storx/satellite/audit."audit_total_pointer_nodes_global" Meter
storx/satellite/audit."audit_unknown_nodes" IntVal
storx/satellite/audit."audit_unknown_nodes_global" Meter
storx/satellite/audit."audit_unknown_percentage" FloatVal
storx/satellite/audit."audited_percentage" FloatVal
storx/satellite/audit."could_not_verify_audit_shares" Counter
storx/satellite/audit."not_enough_shares_for_audit" Counter
storx/satellite/audit."reverify_contained_global" Meter
storx/satellite/audit."reverify_fails_global" Meter
storx/satellite/audit."reverify_offlines_global" Meter
storx/satellite/audit."reverify_successes_global" Meter
storx/satellite/audit."reverify_unknown_global" Meter
storx/satellite/audit."verify_shares_downloaded_successfully" IntVal
storx/satellite/console."create_user_attempt" Counter
storx/satellite/console."create_user_captcha_error" Counter
storx/satellite/console."create_user_captcha_unsuccessful" Counter
storx/satellite/console."create_user_duplicate_unverified" Counter
storx/satellite/console."create_user_duplicate_verified" Counter
storx/satellite/console."create_user_success" Counter
storx/satellite/console."login_attempt" Counter
storx/satellite/console."login_email_invalid" Counter
storx/satellite/console."login_email_unverified" Counter
storx/satellite/console."login_failed" Counter
storx/satellite/console."login_invalid_password" Counter
storx/satellite/console."login_locked_out" Counter
storx/satellite/console."login_lockout_initiated" Counter
storx/satellite/console."login_lockout_reinitiated" Counter
storx/satellite/console."login_mfa_conflict" Counter
storx/satellite/console."login_mfa_missing" Counter
storx/satellite/console."login_mfa_passcode_failure" Counter
storx/satellite/console."login_mfa_passcode_success" Counter
storx/satellite/console."login_mfa_recovery_failure" Counter
storx/satellite/console."login_mfa_recovery_success" Counter
storx/satellite/console."login_success" Counter
storx/satellite/console."login_user_captcha_error" Counter
storx/satellite/console."login_user_captcha_unsuccessful" Counter
storx/satellite/console."login_user_failed_count" IntVal
storx/satellite/contact."failed_dial" Event
storx/satellite/contact."failed_ping_node" Event
storx/satellite/gracefulexit."graceful_exit_fail_max_failures_percentage" Meter
storx/satellite/gracefulexit."graceful_exit_fail_validation" Meter
storx/satellite/gracefulexit."graceful_exit_final_bytes_transferred" IntVal
storx/satellite/gracefulexit."graceful_exit_final_pieces_failed" IntVal
storx/satellite/gracefulexit."graceful_exit_final_pieces_succeess" IntVal
storx/satellite/gracefulexit."graceful_exit_init_node_age_seconds" FloatVal
storx/satellite/gracefulexit."graceful_exit_init_node_audit_success_count" IntVal
storx/satellite/gracefulexit."graceful_exit_init_node_audit_total_count" IntVal
storx/satellite/gracefulexit."graceful_exit_init_node_piece_count" IntVal
storx/satellite/gracefulexit."graceful_exit_success" Meter
storx/satellite/gracefulexit."graceful_exit_successful_pieces_transfer_ratio" IntVal
storx/satellite/gracefulexit."graceful_exit_transfer_piece_fail" Meter
storx/satellite/gracefulexit."graceful_exit_transfer_piece_success" Meter
storx/satellite/metabase/rangedloop."rangedloop_error" Event
storx/satellite/metabase/segmentloop."segmentloop_error" Event
storx/satellite/metabase/segmentloop."segmentsProcessed" IntVal
storx/satellite/metabase/segmentloop.*Service.RunOnce Task
storx/satellite/metainfo."metainfo_rate_limit_exceeded" Event
storx/satellite/metainfo/piecedeletion."delete_batch_size" IntVal
storx/satellite/metainfo/piecedeletion."deletion_pieces_unhandled_count" IntVal
storx/satellite/metrics."total_inline_bytes" IntVal
storx/satellite/metrics."total_inline_segments" IntVal
storx/satellite/metrics."total_remote_bytes" IntVal
storx/satellite/metrics."total_remote_segments" IntVal
storx/satellite/orders."download_failed_not_enough_pieces_uplink" Meter
storx/satellite/repair/checker."checker_injured_segment_health" FloatVal
storx/satellite/repair/checker."checker_segment_age" IntVal
storx/satellite/repair/checker."checker_segment_health" FloatVal
storx/satellite/repair/checker."checker_segment_healthy_count" IntVal
storx/satellite/repair/checker."checker_segment_time_until_irreparable" IntVal
storx/satellite/repair/checker."checker_segment_total_count" IntVal
storx/satellite/repair/checker."checker_segments_below_min_req" Counter
storx/satellite/repair/checker."healthy_segments_removed_from_queue" IntVal
storx/satellite/repair/checker."new_remote_segments_needing_repair" IntVal
storx/satellite/repair/checker."remote_files_checked" IntVal
storx/satellite/repair/checker."remote_files_lost" IntVal
storx/satellite/repair/checker."remote_segments_checked" IntVal
storx/satellite/repair/checker."remote_segments_failed_to_check" IntVal
storx/satellite/repair/checker."remote_segments_healthy_percentage" FloatVal
storx/satellite/repair/checker."remote_segments_lost" IntVal
storx/satellite/repair/checker."remote_segments_needing_repair" IntVal
storx/satellite/repair/checker."remote_segments_over_threshold_1" IntVal
storx/satellite/repair/checker."remote_segments_over_threshold_2" IntVal
storx/satellite/repair/checker."remote_segments_over_threshold_3" IntVal
storx/satellite/repair/checker."remote_segments_over_threshold_4" IntVal
storx/satellite/repair/checker."remote_segments_over_threshold_5" IntVal
storx/satellite/repair/repairer."download_failed_not_enough_pieces_repair" Meter
storx/satellite/repair/repairer."healthy_ratio_after_repair" FloatVal
storx/satellite/repair/repairer."healthy_ratio_before_repair" FloatVal
storx/satellite/repair/repairer."repair_attempts" Meter
storx/satellite/repair/repairer."repair_bytes_downloaded" Meter
storx/satellite/repair/repairer."repair_bytes_uploaded" Meter
storx/satellite/repair/repairer."repair_failed" Meter
storx/satellite/repair/repairer."repair_nodes_unavailable" Meter
storx/satellite/repair/repairer."repair_partial" Meter
storx/satellite/repair/repairer."repair_segment_pieces_canceled" IntVal
storx/satellite/repair/repairer."repair_segment_pieces_failed" IntVal
storx/satellite/repair/repairer."repair_segment_pieces_successful" IntVal
storx/satellite/repair/repairer."repair_segment_pieces_total" IntVal
storx/satellite/repair/repairer."repair_segment_size" IntVal
storx/satellite/repair/repairer."repair_success" Meter
storx/satellite/repair/repairer."repair_suspected_network_problem" Meter
storx/satellite/repair/repairer."repair_too_many_nodes_failed" Meter
storx/satellite/repair/repairer."repair_unnecessary" Meter
storx/satellite/repair/repairer."repairer_segments_below_min_req" Counter
storx/satellite/repair/repairer."segment_deleted_before_repair" Meter
storx/satellite/repair/repairer."segment_repair_count" IntVal
storx/satellite/repair/repairer."segment_time_until_repair" IntVal
storx/satellite/repair/repairer."time_for_repair" FloatVal
storx/satellite/repair/repairer."time_since_checker_queue" FloatVal
storx/satellite/satellitedb."audit_online_score" FloatVal
storx/satellite/satellitedb."audit_reputation_alpha" FloatVal
storx/satellite/satellitedb."audit_reputation_beta" FloatVal
storx/satellite/satellitedb."bad_audit_dqs" Meter
storx/satellite/satellitedb."offline_dqs" Meter
storx/satellite/satellitedb."unknown_audit_reputation_alpha" FloatVal
storx/satellite/satellitedb."unknown_audit_reputation_beta" FloatVal
storx/satellite/satellitedb."unknown_suspension_dqs" Meter
storx/storage/filestore."open_file_in_trash" Meter
storx/storagenode/contact."satellite_contact_request" Meter
storx/storagenode/gracefulexit."satellite_gracefulexit_request" Meter
storx/storagenode/piecestore/usedserials."delete_random_serial" Meter
